
Microsoft Visual Studio Solution File, Format Version 12.00
# Visual Studio Version 17
VisualStudioVersion = 17.0.31612.314
MinimumVisualStudioVersion = 10.0.40219.1
Project("{2150E333-8FDC-42A3-9474-1A3956D46DE8}") = "src", "src", "{939B499A-A69C-4F3A-BFCC-39D84E24136C}"
EndProject
Project("{2150E333-8FDC-42A3-9474-1A3956D46DE8}") = "tests", "tests", "{106BDA88-BDDA-409D-BDBA-EB3A70F4EFFC}"
EndProject
Project("{9A19103F-16F7-4668-BE54-9A1E7A4F7556}") = "MinimalApiFunctions", "src\MinimalApiFunctions.csproj", "{AF597178-98EC-4D50-BB32-ECFA6BB6AFE8}"
EndProject
Global
	GlobalSection(SolutionConfigurationPlatforms) = preSolution
		Debug|Any CPU = Debug|Any CPU
		Release|Any CPU = Release|Any CPU
	EndGlobalSection
	GlobalSection(ProjectConfigurationPlatforms) = postSolution
		{AF597178-98EC-4D50-BB32-ECFA6BB6AFE8}.Debug|Any CPU.ActiveCfg = Debug|Any CPU
		{AF597178-98EC-4D50-BB32-ECFA6BB6AFE8}.Debug|Any CPU.Build.0 = Debug|Any CPU
		{AF597178-98EC-4D50-BB32-ECFA6BB6AFE8}.Release|Any CPU.ActiveCfg = Release|Any CPU
		{AF597178-98EC-4D50-BB32-ECFA6BB6AFE8}.Release|Any CPU.Build.0 = Release|Any CPU
	EndGlobalSection
	GlobalSection(SolutionProperties) = preSolution
		HideSolutionNode = FALSE
	EndGlobalSection
	GlobalSection(NestedProjects) = preSolution
		{AF597178-98EC-4D50-BB32-ECFA6BB6AFE8} = {939B499A-A69C-4F3A-BFCC-39D84E24136C}
	EndGlobalSection
	GlobalSection(ExtensibilityGlobals) = postSolution
		SolutionGuid = {D38DF43B-9237-492F-95EB-247E4BD4C6DF}
	EndGlobalSection
EndGlobal
